
Microsoft Visual Studio Solution File, Format Version 12.00
# Visual Studio Version 17
VisualStudioVersion = 17.5.33424.131
MinimumVisualStudioVersion = 10.0.40219.1
Project("{FAE04EC0-301F-11D3-BF4B-00C04F79EFBC}") = "BookWeb", "BookWeb\BookWeb.csproj", "{6312AC6A-D8A1-4385-853A-51C0D4853DF4}"
EndProject
Project("{FAE04EC0-301F-11D3-BF4B-00C04F79EFBC}") = "Book.DataAccess", "Book.DataAccess\Book.DataAccess.csproj", "{03216C88-9FEC-4371-BCCB-32B59EAAE39F}"
EndProject
Project("{FAE04EC0-301F-11D3-BF4B-00C04F79EFBC}") = "Book.Models", "Book.Models\Book.Models.csproj", "{AD8B9989-8ED6-4054-AD05-87D0E56122BA}"
EndProject
Project("{FAE04EC0-301F-11D3-BF4B-00C04F79EFBC}") = "Book.Utility", "Book.Utility\Book.Utility.csproj", "{D82474A1-393D-4A1D-9D6C-F9CC3BB4A88E}"
EndProject
Global
	GlobalSection(SolutionConfigurationPlatforms) = preSolution
		Debug|Any CPU = Debug|Any CPU
		Release|Any CPU = Release|Any CPU
	EndGlobalSection
	GlobalSection(ProjectConfigurationPlatforms) = postSolution
		{6312AC6A-D8A1-4385-853A-51C0D4853DF4}.Debug|Any CPU.ActiveCfg = Debug|Any CPU
		{6312AC6A-D8A1-4385-853A-51C0D4853DF4}.Debug|Any CPU.Build.0 = Debug|Any CPU
		{6312AC6A-D8A1-4385-853A-51C0D4853DF4}.Release|Any CPU.ActiveCfg = Release|Any CPU
		{6312AC6A-D8A1-4385-853A-51C0D4853DF4}.Release|Any CPU.Build.0 = Release|Any CPU
		{03216C88-9FEC-4371-BCCB-32B59EAAE39F}.Debug|Any CPU.ActiveCfg = Debug|Any CPU
		{03216C88-9FEC-4371-BCCB-32B59EAAE39F}.Debug|Any CPU.Build.0 = Debug|Any CPU
		{03216C88-9FEC-4371-BCCB-32B59EAAE39F}.Release|Any CPU.ActiveCfg = Release|Any CPU
		{03216C88-9FEC-4371-BCCB-32B59EAAE39F}.Release|Any CPU.Build.0 = Release|Any CPU
		{AD8B9989-8ED6-4054-AD05-87D0E56122BA}.Debug|Any CPU.ActiveCfg = Debug|Any CPU
		{AD8B9989-8ED6-4054-AD05-87D0E56122BA}.Debug|Any CPU.Build.0 = Debug|Any CPU
		{AD8B9989-8ED6-4054-AD05-87D0E56122BA}.Release|Any CPU.ActiveCfg = Release|Any CPU
		{AD8B9989-8ED6-4054-AD05-87D0E56122BA}.Release|Any CPU.Build.0 = Release|Any CPU
		{D82474A1-393D-4A1D-9D6C-F9CC3BB4A88E}.Debug|Any CPU.ActiveCfg = Debug|Any CPU
		{D82474A1-393D-4A1D-9D6C-F9CC3BB4A88E}.Debug|Any CPU.Build.0 = Debug|Any CPU
		{D82474A1-393D-4A1D-9D6C-F9CC3BB4A88E}.Release|Any CPU.ActiveCfg = Release|Any CPU
		{D82474A1-393D-4A1D-9D6C-F9CC3BB4A88E}.Release|Any CPU.Build.0 = Release|Any CPU
	EndGlobalSection
	GlobalSection(SolutionProperties) = preSolution
		HideSolutionNode = FALSE
	EndGlobalSection
	GlobalSection(ExtensibilityGlobals) = postSolution
		SolutionGuid = {F6A108DA-8251-4222-9B3A-16EB5B4465F0}
	EndGlobalSection
EndGlobal
